dependencies:
- name: edulearn-common
  repository: file://../../edulearn-common
  version: 1.1.1
- name: postgresql
  repository: https://charts.bitnami.com/bitnami
  version: 18.7.13
digest: sha256:09ad4854a13b3375a0bf879b7604e71f4780bf32caaf1a65cc7fa2bbe0734f61
generated: "2026-08-03T17:30:10.5798647+05:30"
