dependencies:
- name: edulearn-common
  repository: file://../edulearn-common
  version: 1.1.1
- name: api-gateway
  repository: file://../charts/api-gateway
  version: 1.0.5
- name: auth
  repository: file://../charts/auth
  version: 1.0.5
- name: user
  repository: file://../charts/user
  version: 1.0.5
- name: course
  repository: file://../charts/course
  version: 1.0.5
- name: payment
  repository: file://../charts/payment
  version: 1.0.5
- name: order
  repository: file://../charts/order
  version: 1.0.5
- name: notification
  repository: file://../charts/notification
  version: 1.0.5
- name: chat
  repository: file://../charts/chat
  version: 1.0.5
- name: redis
  repository: file://../charts/redis
  version: 1.0.1
- name: kafka
  repository: file://../charts/kafka
  version: 1.0.1
- name: postgres
  repository: file://../charts/postgres
  version: 1.0.1
digest: sha256:58a4c637b3faff009016958c87c7daa1543005b5e97149973282dcaacbf01b41
generated: "2026-08-03T17:31:48.0630176+05:30"
